
Microsoft Visual Studio Solution File, Format Version 12.00
# Visual Studio Version 17
VisualStudioVersion = 17.6.33801.468
MinimumVisualStudioVersion = 10.0.40219.1
Project("{FAE04EC0-301F-11D3-BF4B-00C04F79EFBC}") = "Light Sequencer", "Light Sequencer.csproj", "{9B58F68F-E178-4A64-AF57-F2CA7268D1C3}"
EndProject
Global
	GlobalSection(SolutionConfigurationPlatforms) = preSolution
		Debug|x64 = Debug|x64
	EndGlobalSection
	GlobalSection(ProjectConfigurationPlatforms) = postSolution
		{9B58F68F-E178-4A64-AF57-F2CA7268D1C3}.Debug|x64.ActiveCfg = Debug|x64
		{9B58F68F-E178-4A64-AF57-F2CA7268D1C3}.Debug|x64.Build.0 = Debug|x64
	EndGlobalSection
	GlobalSection(SolutionProperties) = preSolution
		HideSolutionNode = FALSE
	EndGlobalSection
	GlobalSection(ExtensibilityGlobals) = postSolution
		SolutionGuid = {C827B607-8AB8-4D9F-A282-671CBBBD07AA}
	EndGlobalSection
EndGlobal
